
Microsoft Visual Studio Solution File, Format Version 12.00
# Visual Studio Version 17
VisualStudioVersion = 17.4.33205.214
MinimumVisualStudioVersion = 10.0.40219.1
Project("{FAE04EC0-301F-11D3-BF4B-00C04F79EFBC}") = "TestFastReport", "TestFastReport\TestFastReport.csproj", "{F84BDE3D-E95D-4236-A0B0-B44EB45A864E}"
EndProject
Global
	GlobalSection(SolutionConfigurationPlatforms) = preSolution
		Debug|Any CPU = Debug|Any CPU
		Release|Any CPU = Release|Any CPU
	EndGlobalSection
	GlobalSection(ProjectConfigurationPlatforms) = postSolution
		{F84BDE3D-E95D-4236-A0B0-B44EB45A864E}.Debug|Any CPU.ActiveCfg = Debug|Any CPU
		{F84BDE3D-E95D-4236-A0B0-B44EB45A864E}.Debug|Any CPU.Build.0 = Debug|Any CPU
		{F84BDE3D-E95D-4236-A0B0-B44EB45A864E}.Release|Any CPU.ActiveCfg = Release|Any CPU
		{F84BDE3D-E95D-4236-A0B0-B44EB45A864E}.Release|Any CPU.Build.0 = Release|Any CPU
	EndGlobalSection
	GlobalSection(SolutionProperties) = preSolution
		HideSolutionNode = FALSE
	EndGlobalSection
	GlobalSection(ExtensibilityGlobals) = postSolution
		SolutionGuid = {8A9A891A-7967-4450-BD93-7E29DBECD3B2}
	EndGlobalSection
EndGlobal
